
Microsoft Visual Studio Solution File, Format Version 12.00
# Visual Studio Version 17
VisualStudioVersion = 17.2.32505.173
MinimumVisualStudioVersion = 10.0.40219.1
Project("{9A19103F-16F7-4668-BE54-9A1E7A4F7556}") = "DataAccess", "DataAccess\DataAccess.csproj", "{CAF87A4B-568C-44AA-9146-F604B4E1C6B4}"
EndProject
Project("{9A19103F-16F7-4668-BE54-9A1E7A4F7556}") = "Business", "Business\Business.csproj", "{9A4118FB-99A1-4EA5-AAC7-1A2165F29EB2}"
EndProject
Project("{9A19103F-16F7-4668-BE54-9A1E7A4F7556}") = "Entities", "Entities\Entities.csproj", "{364674CC-2BC5-49D5-B81F-421E0E0986C7}"
EndProject
Project("{9A19103F-16F7-4668-BE54-9A1E7A4F7556}") = "ConsoleUI", "ConsoleUI\ConsoleUI.csproj", "{945CDA4B-236A-4181-A55E-8873F46B1EDD}"
EndProject
Project("{FAE04EC0-301F-11D3-BF4B-00C04F79EFBC}") = "Core", "Core\Core.csproj", "{D5DB2AF7-28D9-4A26-8DEC-12DFE18E24FF}"
EndProject
Global
	GlobalSection(SolutionConfigurationPlatforms) = preSolution
		Debug|Any CPU = Debug|Any CPU
		Release|Any CPU = Release|Any CPU
	EndGlobalSection
	GlobalSection(ProjectConfigurationPlatforms) = postSolution
		{CAF87A4B-568C-44AA-9146-F604B4E1C6B4}.Debug|Any CPU.ActiveCfg = Debug|Any CPU
		{CAF87A4B-568C-44AA-9146-F604B4E1C6B4}.Debug|Any CPU.Build.0 = Debug|Any CPU
		{CAF87A4B-568C-44AA-9146-F604B4E1C6B4}.Release|Any CPU.ActiveCfg = Release|Any CPU
		{CAF87A4B-568C-44AA-9146-F604B4E1C6B4}.Release|Any CPU.Build.0 = Release|Any CPU
		{9A4118FB-99A1-4EA5-AAC7-1A2165F29EB2}.Debug|Any CPU.ActiveCfg = Debug|Any CPU
		{9A4118FB-99A1-4EA5-AAC7-1A2165F29EB2}.Debug|Any CPU.Build.0 = Debug|Any CPU
		{9A4118FB-99A1-4EA5-AAC7-1A2165F29EB2}.Release|Any CPU.ActiveCfg = Release|Any CPU
		{9A4118FB-99A1-4EA5-AAC7-1A2165F29EB2}.Release|Any CPU.Build.0 = Release|Any CPU
		{364674CC-2BC5-49D5-B81F-421E0E0986C7}.Debug|Any CPU.ActiveCfg = Debug|Any CPU
		{364674CC-2BC5-49D5-B81F-421E0E0986C7}.Debug|Any CPU.Build.0 = Debug|Any CPU
		{364674CC-2BC5-49D5-B81F-421E0E0986C7}.Release|Any CPU.ActiveCfg = Release|Any CPU
		{364674CC-2BC5-49D5-B81F-421E0E0986C7}.Release|Any CPU.Build.0 = Release|Any CPU
		{945CDA4B-236A-4181-A55E-8873F46B1EDD}.Debug|Any CPU.ActiveCfg = Debug|Any CPU
		{945CDA4B-236A-4181-A55E-8873F46B1EDD}.Debug|Any CPU.Build.0 = Debug|Any CPU
		{945CDA4B-236A-4181-A55E-8873F46B1EDD}.Release|Any CPU.ActiveCfg = Release|Any CPU
		{945CDA4B-236A-4181-A55E-8873F46B1EDD}.Release|Any CPU.Build.0 = Release|Any CPU
		{D5DB2AF7-28D9-4A26-8DEC-12DFE18E24FF}.Debug|Any CPU.ActiveCfg = Debug|Any CPU
		{D5DB2AF7-28D9-4A26-8DEC-12DFE18E24FF}.Debug|Any CPU.Build.0 = Debug|Any CPU
		{D5DB2AF7-28D9-4A26-8DEC-12DFE18E24FF}.Release|Any CPU.ActiveCfg = Release|Any CPU
		{D5DB2AF7-28D9-4A26-8DEC-12DFE18E24FF}.Release|Any CPU.Build.0 = Release|Any CPU
	EndGlobalSection
	GlobalSection(SolutionProperties) = preSolution
		HideSolutionNode = FALSE
	EndGlobalSection
	GlobalSection(ExtensibilityGlobals) = postSolution
		SolutionGuid = {2FE2B689-5558-4E89-869A-B01F56DA7345}
	EndGlobalSection
EndGlobal
